
Microsoft Visual Studio Solution File, Format Version 12.00
# Visual Studio Version 17
VisualStudioVersion = 17.5.33502.453
MinimumVisualStudioVersion = 10.0.40219.1
Project("{8BC9CEB8-8B4A-11D0-8D11-00A0C91BC942}") = "user", "user\user.vcxproj", "{3C8194C7-9F20-4FF8-8C4C-B26C3D053611}"
EndProject
Project("{8BC9CEB8-8B4A-11D0-8D11-00A0C91BC942}") = "driver", "driver\driver.vcxproj", "{0AE83EC6-DDEA-4EDE-B1B2-1B2AB1E8BB54}"
EndProject
Global
	GlobalSection(SolutionConfigurationPlatforms) = preSolution
		Debug|ARM64 = Debug|ARM64
		Debug|x64 = Debug|x64
		Debug|x86 = Debug|x86
		Release|ARM64 = Release|ARM64
		Release|x64 = Release|x64
		Release|x86 = Release|x86
	EndGlobalSection
	GlobalSection(ProjectConfigurationPlatforms) = postSolution
		{3C8194C7-9F20-4FF8-8C4C-B26C3D053611}.Debug|ARM64.ActiveCfg = Debug|x64
		{3C8194C7-9F20-4FF8-8C4C-B26C3D053611}.Debug|ARM64.Build.0 = Debug|x64
		{3C8194C7-9F20-4FF8-8C4C-B26C3D053611}.Debug|x64.ActiveCfg = Debug|x64
		{3C8194C7-9F20-4FF8-8C4C-B26C3D053611}.Debug|x64.Build.0 = Debug|x64
		{3C8194C7-9F20-4FF8-8C4C-B26C3D053611}.Debug|x86.ActiveCfg = Debug|Win32
		{3C8194C7-9F20-4FF8-8C4C-B26C3D053611}.Debug|x86.Build.0 = Debug|Win32
		{3C8194C7-9F20-4FF8-8C4C-B26C3D053611}.Release|ARM64.ActiveCfg = Release|x64
		{3C8194C7-9F20-4FF8-8C4C-B26C3D053611}.Release|ARM64.Build.0 = Release|x64
		{3C8194C7-9F20-4FF8-8C4C-B26C3D053611}.Release|x64.ActiveCfg = Release|x64
		{3C8194C7-9F20-4FF8-8C4C-B26C3D053611}.Release|x64.Build.0 = Release|x64
		{3C8194C7-9F20-4FF8-8C4C-B26C3D053611}.Release|x86.ActiveCfg = Release|Win32
		{3C8194C7-9F20-4FF8-8C4C-B26C3D053611}.Release|x86.Build.0 = Release|Win32
		{0AE83EC6-DDEA-4EDE-B1B2-1B2AB1E8BB54}.Debug|ARM64.ActiveCfg = Debug|ARM64
		{0AE83EC6-DDEA-4EDE-B1B2-1B2AB1E8BB54}.Debug|ARM64.Build.0 = Debug|ARM64
		{0AE83EC6-DDEA-4EDE-B1B2-1B2AB1E8BB54}.Debug|ARM64.Deploy.0 = Debug|ARM64
		{0AE83EC6-DDEA-4EDE-B1B2-1B2AB1E8BB54}.Debug|x64.ActiveCfg = Debug|x64
		{0AE83EC6-DDEA-4EDE-B1B2-1B2AB1E8BB54}.Debug|x64.Build.0 = Debug|x64
		{0AE83EC6-DDEA-4EDE-B1B2-1B2AB1E8BB54}.Debug|x64.Deploy.0 = Debug|x64
		{0AE83EC6-DDEA-4EDE-B1B2-1B2AB1E8BB54}.Debug|x86.ActiveCfg = Debug|x64
		{0AE83EC6-DDEA-4EDE-B1B2-1B2AB1E8BB54}.Debug|x86.Build.0 = Debug|x64
		{0AE83EC6-DDEA-4EDE-B1B2-1B2AB1E8BB54}.Debug|x86.Deploy.0 = Debug|x64
		{0AE83EC6-DDEA-4EDE-B1B2-1B2AB1E8BB54}.Release|ARM64.ActiveCfg = Release|ARM64
		{0AE83EC6-DDEA-4EDE-B1B2-1B2AB1E8BB54}.Release|ARM64.Build.0 = Release|ARM64
		{0AE83EC6-DDEA-4EDE-B1B2-1B2AB1E8BB54}.Release|ARM64.Deploy.0 = Release|ARM64
		{0AE83EC6-DDEA-4EDE-B1B2-1B2AB1E8BB54}.Release|x64.ActiveCfg = Release|x64
		{0AE83EC6-DDEA-4EDE-B1B2-1B2AB1E8BB54}.Release|x64.Build.0 = Release|x64
		{0AE83EC6-DDEA-4EDE-B1B2-1B2AB1E8BB54}.Release|x64.Deploy.0 = Release|x64
		{0AE83EC6-DDEA-4EDE-B1B2-1B2AB1E8BB54}.Release|x86.ActiveCfg = Release|x64
		{0AE83EC6-DDEA-4EDE-B1B2-1B2AB1E8BB54}.Release|x86.Build.0 = Release|x64
		{0AE83EC6-DDEA-4EDE-B1B2-1B2AB1E8BB54}.Release|x86.Deploy.0 = Release|x64
	EndGlobalSection
	GlobalSection(SolutionProperties) = preSolution
		HideSolutionNode = FALSE
	EndGlobalSection
	GlobalSection(ExtensibilityGlobals) = postSolution
		SolutionGuid = {5F2C89ED-CBEA-4DAD-8576-94C53821D2E8}
	EndGlobalSection
EndGlobal
